
Microsoft Visual Studio Solution File, Format Version 12.00
# Visual Studio Version 16
VisualStudioVersion = 16.0.30907.101
MinimumVisualStudioVersion = 10.0.40219.1
Project("{9A19103F-16F7-4668-BE54-9A1E7A4F7556}") = "Routine", "src\Routine\Routine.csproj", "{8A902F3F-CAD3-4DA6-8A86-4DE7067CD8F0}"
EndProject
Project("{2150E333-8FDC-42A3-9474-1A3956D46DE8}") = "src", "src", "{C992AAA4-236D-4F4E-B59B-A3BD0EA6208B}"
EndProject
Project("{2150E333-8FDC-42A3-9474-1A3956D46DE8}") = "docs", "docs", "{89E8342E-1DF0-4754-A3A1-BE724E011970}"
EndProject
Project("{2150E333-8FDC-42A3-9474-1A3956D46DE8}") = "Tools", "Tools", "{08A5BD17-A122-41B1-BDE3-96FF29B5D82C}"
EndProject
Project("{2150E333-8FDC-42A3-9474-1A3956D46DE8}") = "samples", "samples", "{B7F5933D-DA7B-4664-BC9E-FDF8C2BDE63A}"
EndProject
Project("{2150E333-8FDC-42A3-9474-1A3956D46DE8}") = "test", "test", "{5C327EC2-B27E-41BE-BCBC-845F16B43576}"
EndProject
Project("{9A19103F-16F7-4668-BE54-9A1E7A4F7556}") = "Routine.Test", "test\Routine.Test\Routine.Test.csproj", "{B0DBE99D-8886-4E76-B4A9-4B5129E8DB9D}"
EndProject
Project("{9A19103F-16F7-4668-BE54-9A1E7A4F7556}") = "Routine.Test.Performance", "test\Routine.Test.Performance\Routine.Test.Performance.csproj", "{094FF43A-5E19-451D-8446-26FCB2B6EF95}"
EndProject
Project("{2150E333-8FDC-42A3-9474-1A3956D46DE8}") = "Routine.Test", "Routine.Test", "{BD6FDCBF-FF07-47C1-9BCD-D78605BFD44F}"
EndProject
Project("{2150E333-8FDC-42A3-9474-1A3956D46DE8}") = "Routine.Test.Performance", "Routine.Test.Performance", "{8C300147-74B7-4F0E-93C0-F1C345FBF1DA}"
EndProject
Project("{2150E333-8FDC-42A3-9474-1A3956D46DE8}") = "Routine.Samples.Basic", "Routine.Samples.Basic", "{F61F04A1-0ED2-4263-802E-C085B99A19BE}"
EndProject
Project("{2150E333-8FDC-42A3-9474-1A3956D46DE8}") = "Routine.Samples.SmartObject", "Routine.Samples.SmartObject", "{81BC51EC-E156-4E32-9D03-40FEFE37555A}"
EndProject
Project("{9A19103F-16F7-4668-BE54-9A1E7A4F7556}") = "Routine.Samples.Basic", "samples\Routine.Samples.Basic\Routine.Samples.Basic.csproj", "{762CA0D7-1210-4EFA-A6FA-BD7F0E76CE81}"
EndProject
Project("{9A19103F-16F7-4668-BE54-9A1E7A4F7556}") = "Routine.Samples.SmartObject", "samples\Routine.Samples.SmartObject\Routine.Samples.SmartObject.csproj", "{1D5716B2-306B-47E9-915E-80096DED20A9}"
EndProject
Project("{2150E333-8FDC-42A3-9474-1A3956D46DE8}") = "Appveyor", "Appveyor", "{ADB44F5F-1755-440D-BE9F-7091DD204E4D}"
	ProjectSection(SolutionItems) = preProject
		Tools\Appveyor\install_dotnet_devpack.ps1 = Tools\Appveyor\install_dotnet_devpack.ps1
	EndProjectSection
EndProject
Project("{2150E333-8FDC-42A3-9474-1A3956D46DE8}") = "NuGet", "NuGet", "{17E26F95-7EAC-4807-A28F-1737116F6B8E}"
	ProjectSection(SolutionItems) = preProject
		Tools\NuGet\BuildNugetPackage.ps1 = Tools\NuGet\BuildNugetPackage.ps1
		Tools\NuGet\NuGet.exe = Tools\NuGet\NuGet.exe
	EndProjectSection
EndProject
Global
	GlobalSection(SolutionConfigurationPlatforms) = preSolution
		Debug|Any CPU = Debug|Any CPU
		Release|Any CPU = Release|Any CPU
	EndGlobalSection
	GlobalSection(ProjectConfigurationPlatforms) = postSolution
		{8A902F3F-CAD3-4DA6-8A86-4DE7067CD8F0}.Debug|Any CPU.ActiveCfg = Debug|Any CPU
		{8A902F3F-CAD3-4DA6-8A86-4DE7067CD8F0}.Debug|Any CPU.Build.0 = Debug|Any CPU
		{8A902F3F-CAD3-4DA6-8A86-4DE7067CD8F0}.Release|Any CPU.ActiveCfg = Release|Any CPU
		{8A902F3F-CAD3-4DA6-8A86-4DE7067CD8F0}.Release|Any CPU.Build.0 = Release|Any CPU
		{B0DBE99D-8886-4E76-B4A9-4B5129E8DB9D}.Debug|Any CPU.ActiveCfg = Debug|Any CPU
		{B0DBE99D-8886-4E76-B4A9-4B5129E8DB9D}.Debug|Any CPU.Build.0 = Debug|Any CPU
		{B0DBE99D-8886-4E76-B4A9-4B5129E8DB9D}.Release|Any CPU.ActiveCfg = Release|Any CPU
		{B0DBE99D-8886-4E76-B4A9-4B5129E8DB9D}.Release|Any CPU.Build.0 = Release|Any CPU
		{094FF43A-5E19-451D-8446-26FCB2B6EF95}.Debug|Any CPU.ActiveCfg = Debug|Any CPU
		{094FF43A-5E19-451D-8446-26FCB2B6EF95}.Debug|Any CPU.Build.0 = Debug|Any CPU
		{094FF43A-5E19-451D-8446-26FCB2B6EF95}.Release|Any CPU.ActiveCfg = Release|Any CPU
		{094FF43A-5E19-451D-8446-26FCB2B6EF95}.Release|Any CPU.Build.0 = Release|Any CPU
		{762CA0D7-1210-4EFA-A6FA-BD7F0E76CE81}.Debug|Any CPU.ActiveCfg = Debug|Any CPU
		{762CA0D7-1210-4EFA-A6FA-BD7F0E76CE81}.Debug|Any CPU.Build.0 = Debug|Any CPU
		{762CA0D7-1210-4EFA-A6FA-BD7F0E76CE81}.Release|Any CPU.ActiveCfg = Release|Any CPU
		{762CA0D7-1210-4EFA-A6FA-BD7F0E76CE81}.Release|Any CPU.Build.0 = Release|Any CPU
		{1D5716B2-306B-47E9-915E-80096DED20A9}.Debug|Any CPU.ActiveCfg = Debug|Any CPU
		{1D5716B2-306B-47E9-915E-80096DED20A9}.Debug|Any CPU.Build.0 = Debug|Any CPU
		{1D5716B2-306B-47E9-915E-80096DED20A9}.Release|Any CPU.ActiveCfg = Release|Any CPU
		{1D5716B2-306B-47E9-915E-80096DED20A9}.Release|Any CPU.Build.0 = Release|Any CPU
	EndGlobalSection
	GlobalSection(SolutionProperties) = preSolution
		HideSolutionNode = FALSE
	EndGlobalSection
	GlobalSection(NestedProjects) = preSolution
		{8A902F3F-CAD3-4DA6-8A86-4DE7067CD8F0} = {C992AAA4-236D-4F4E-B59B-A3BD0EA6208B}
		{B0DBE99D-8886-4E76-B4A9-4B5129E8DB9D} = {BD6FDCBF-FF07-47C1-9BCD-D78605BFD44F}
		{094FF43A-5E19-451D-8446-26FCB2B6EF95} = {8C300147-74B7-4F0E-93C0-F1C345FBF1DA}
		{BD6FDCBF-FF07-47C1-9BCD-D78605BFD44F} = {5C327EC2-B27E-41BE-BCBC-845F16B43576}
		{8C300147-74B7-4F0E-93C0-F1C345FBF1DA} = {5C327EC2-B27E-41BE-BCBC-845F16B43576}
		{F61F04A1-0ED2-4263-802E-C085B99A19BE} = {B7F5933D-DA7B-4664-BC9E-FDF8C2BDE63A}
		{81BC51EC-E156-4E32-9D03-40FEFE37555A} = {B7F5933D-DA7B-4664-BC9E-FDF8C2BDE63A}
		{762CA0D7-1210-4EFA-A6FA-BD7F0E76CE81} = {F61F04A1-0ED2-4263-802E-C085B99A19BE}
		{1D5716B2-306B-47E9-915E-80096DED20A9} = {81BC51EC-E156-4E32-9D03-40FEFE37555A}
		{ADB44F5F-1755-440D-BE9F-7091DD204E4D} = {08A5BD17-A122-41B1-BDE3-96FF29B5D82C}
		{17E26F95-7EAC-4807-A28F-1737116F6B8E} = {08A5BD17-A122-41B1-BDE3-96FF29B5D82C}
	EndGlobalSection
	GlobalSection(ExtensibilityGlobals) = postSolution
		SolutionGuid = {DF1ECBBF-B59A-449B-B2EE-097960552376}
	EndGlobalSection
EndGlobal
