
Microsoft Visual Studio Solution File, Format Version 12.00
# Visual Studio 15
VisualStudioVersion = 15.0.28307.645
MinimumVisualStudioVersion = 10.0.40219.1
Project("{2150E333-8FDC-42A3-9474-1A3956D46DE8}") = "NuGet", "NuGet", "{A9E4ABC4-268C-48D4-9123-D6568FC67096}"
	ProjectSection(SolutionItems) = preProject
		NuGet\NuGet.exe = NuGet\NuGet.exe
		NuGet\package.bat = NuGet\package.bat
		NuGet\publish.config = NuGet\publish.config
	EndProjectSection
EndProject
Project("{FAE04EC0-301F-11D3-BF4B-00C04F79EFBC}") = "Routine", "Routine\Routine.csproj", "{A597022C-F6DD-495F-A846-290EEDE08B9D}"
EndProject
Project("{FAE04EC0-301F-11D3-BF4B-00C04F79EFBC}") = "Routine.Test", "Routine.Test\Routine.Test.csproj", "{839ABE46-F8A7-41E1-9E6B-AED5BECE01DE}"
EndProject
Project("{FAE04EC0-301F-11D3-BF4B-00C04F79EFBC}") = "Routine.Test.Web.Mvc", "Routine.Test.Web.Mvc\Routine.Test.Web.Mvc.csproj", "{48748FDB-2721-4E3A-B54F-611C9E57F017}"
EndProject
Project("{FAE04EC0-301F-11D3-BF4B-00C04F79EFBC}") = "Routine.Test.Business.Service", "Routine.Test.Business.Service\Routine.Test.Business.Service.csproj", "{17AE134B-F860-47F0-B571-88095EF423AA}"
EndProject
Project("{FAE04EC0-301F-11D3-BF4B-00C04F79EFBC}") = "Routine.Test.Module.Todo", "Routine.Test.Module.Todo\Routine.Test.Module.Todo.csproj", "{D9E33B5D-A0F4-4398-B6DD-094B14968901}"
EndProject
Project("{FAE04EC0-301F-11D3-BF4B-00C04F79EFBC}") = "Routine.Test.Performance", "Routine.Test.Performance\Routine.Test.Performance.csproj", "{4C8D74A3-FB73-4A8A-B223-149CBB53B8C4}"
EndProject
Project("{FAE04EC0-301F-11D3-BF4B-00C04F79EFBC}") = "Routine.Test.Common", "Routine.Test.Common\Routine.Test.Common.csproj", "{0A8536E8-84A1-4D0D-8AF3-34785725E56B}"
EndProject
Project("{FAE04EC0-301F-11D3-BF4B-00C04F79EFBC}") = "Routine.Test.Module.ProjectManagement", "Routine.Test.Module.ProjectManagement\Routine.Test.Module.ProjectManagement.csproj", "{C6A4E7A1-6552-4D3C-A04D-385C869BB5F2}"
EndProject
Project("{FAE04EC0-301F-11D3-BF4B-00C04F79EFBC}") = "Routine.Test.Module.Todo.Api", "Routine.Test.Module.Todo.Api\Routine.Test.Module.Todo.Api.csproj", "{300B819C-EE59-4879-8A97-FB2C317E38D2}"
EndProject
Project("{FAE04EC0-301F-11D3-BF4B-00C04F79EFBC}") = "Routine.Test.Module.ProjectManagement.Api", "Routine.Test.Module.ProjectManagement.Api\Routine.Test.Module.ProjectManagement.Api.csproj", "{75480479-B00B-4919-85E7-199706A6D923}"
EndProject
Project("{FAE04EC0-301F-11D3-BF4B-00C04F79EFBC}") = "Routine.Test.Domain", "Routine.Test.Domain\Routine.Test.Domain.csproj", "{F9A92862-60E2-4C10-A74A-1B3FEE558035}"
EndProject
Project("{FAE04EC0-301F-11D3-BF4B-00C04F79EFBC}") = "Routine.Test.Domain.Configuration", "Routine.Test.Domain.Configuration\Routine.Test.Domain.Configuration.csproj", "{0DE7385D-C945-4166-B60F-54AD8C1534F1}"
EndProject
Project("{FAE04EC0-301F-11D3-BF4B-00C04F79EFBC}") = "Routine.Test.Module.ProjectManagement.Ui", "Routine.Test.Module.ProjectManagement.Ui\Routine.Test.Module.ProjectManagement.Ui.csproj", "{F28456B9-CBB1-4A33-B6F8-933875DFA5BB}"
EndProject
Project("{2150E333-8FDC-42A3-9474-1A3956D46DE8}") = "Source", "Source", "{980FD305-549A-4EAE-A357-A7DB9B91FD70}"
EndProject
Project("{2150E333-8FDC-42A3-9474-1A3956D46DE8}") = "Test", "Test", "{476E8A7A-400A-4122-8EB3-44AED8576289}"
EndProject
Project("{2150E333-8FDC-42A3-9474-1A3956D46DE8}") = "Host", "Host", "{ECA16D2C-ADCF-4B1F-BE58-30224C9BA7AA}"
EndProject
Project("{2150E333-8FDC-42A3-9474-1A3956D46DE8}") = "Framework", "Framework", "{96006665-E28F-45D2-941B-34F5130FDBDE}"
EndProject
Project("{2150E333-8FDC-42A3-9474-1A3956D46DE8}") = "ProjectManagement", "ProjectManagement", "{2554B23B-F6E8-4E75-ABA2-778A53273250}"
EndProject
Project("{2150E333-8FDC-42A3-9474-1A3956D46DE8}") = "Todo", "Todo", "{EBDFE343-B1AE-4587-A061-E5FB274A76E0}"
EndProject
Project("{FAE04EC0-301F-11D3-BF4B-00C04F79EFBC}") = "Routine.Ui.Themes.Default", "Routine.Ui.Themes.Default\Routine.Ui.Themes.Default.csproj", "{65CE8300-E663-4FFD-98D8-1057C0B80FF8}"
EndProject
Project("{FAE04EC0-301F-11D3-BF4B-00C04F79EFBC}") = "Routine.Ui.Themes.TopMenu", "Routine.Ui.Themes.TopMenu\Routine.Ui.Themes.TopMenu.csproj", "{1075C285-A096-418B-B372-9257024108B5}"
EndProject
Project("{2150E333-8FDC-42A3-9474-1A3956D46DE8}") = "UnitTest", "UnitTest", "{E22545FD-A2CF-42A0-823C-823B5C30642D}"
EndProject
Project("{2150E333-8FDC-42A3-9474-1A3956D46DE8}") = "TestProject", "TestProject", "{EE63F61D-D19B-4D95-818C-9E5FF2EEC1DC}"
EndProject
Project("{2150E333-8FDC-42A3-9474-1A3956D46DE8}") = "Tools", "Tools", "{492887D1-71FB-4037-A774-B8F6140443EC}"
	ProjectSection(SolutionItems) = preProject
		appveyor.yml = appveyor.yml
	EndProjectSection
EndProject
Project("{2150E333-8FDC-42A3-9474-1A3956D46DE8}") = "NuGet", "NuGet", "{E261905F-5417-436B-BF96-F1F755099B8B}"
	ProjectSection(SolutionItems) = preProject
		Tools\NuGet\BuildNugetPackage.ps1 = Tools\NuGet\BuildNugetPackage.ps1
		Tools\NuGet\NuGet.exe = Tools\NuGet\NuGet.exe
	EndProjectSection
EndProject
Global
	GlobalSection(SolutionConfigurationPlatforms) = preSolution
		Debug|Any CPU = Debug|Any CPU
		Release|Any CPU = Release|Any CPU
		Test|Any CPU = Test|Any CPU
	EndGlobalSection
	GlobalSection(ProjectConfigurationPlatforms) = postSolution
		{A597022C-F6DD-495F-A846-290EEDE08B9D}.Debug|Any CPU.ActiveCfg = Debug|Any CPU
		{A597022C-F6DD-495F-A846-290EEDE08B9D}.Debug|Any CPU.Build.0 = Debug|Any CPU
		{A597022C-F6DD-495F-A846-290EEDE08B9D}.Release|Any CPU.ActiveCfg = Release|Any CPU
		{A597022C-F6DD-495F-A846-290EEDE08B9D}.Release|Any CPU.Build.0 = Release|Any CPU
		{A597022C-F6DD-495F-A846-290EEDE08B9D}.Test|Any CPU.ActiveCfg = Test|Any CPU
		{A597022C-F6DD-495F-A846-290EEDE08B9D}.Test|Any CPU.Build.0 = Test|Any CPU
		{839ABE46-F8A7-41E1-9E6B-AED5BECE01DE}.Debug|Any CPU.ActiveCfg = Debug|Any CPU
		{839ABE46-F8A7-41E1-9E6B-AED5BECE01DE}.Debug|Any CPU.Build.0 = Debug|Any CPU
		{839ABE46-F8A7-41E1-9E6B-AED5BECE01DE}.Release|Any CPU.ActiveCfg = Release|Any CPU
		{839ABE46-F8A7-41E1-9E6B-AED5BECE01DE}.Test|Any CPU.ActiveCfg = Test|Any CPU
		{839ABE46-F8A7-41E1-9E6B-AED5BECE01DE}.Test|Any CPU.Build.0 = Test|Any CPU
		{48748FDB-2721-4E3A-B54F-611C9E57F017}.Debug|Any CPU.ActiveCfg = Debug|Any CPU
		{48748FDB-2721-4E3A-B54F-611C9E57F017}.Debug|Any CPU.Build.0 = Debug|Any CPU
		{48748FDB-2721-4E3A-B54F-611C9E57F017}.Release|Any CPU.ActiveCfg = Release|Any CPU
		{48748FDB-2721-4E3A-B54F-611C9E57F017}.Test|Any CPU.ActiveCfg = Test|Any CPU
		{48748FDB-2721-4E3A-B54F-611C9E57F017}.Test|Any CPU.Build.0 = Test|Any CPU
		{17AE134B-F860-47F0-B571-88095EF423AA}.Debug|Any CPU.ActiveCfg = Debug|Any CPU
		{17AE134B-F860-47F0-B571-88095EF423AA}.Debug|Any CPU.Build.0 = Debug|Any CPU
		{17AE134B-F860-47F0-B571-88095EF423AA}.Release|Any CPU.ActiveCfg = Release|Any CPU
		{17AE134B-F860-47F0-B571-88095EF423AA}.Test|Any CPU.ActiveCfg = Test|Any CPU
		{17AE134B-F860-47F0-B571-88095EF423AA}.Test|Any CPU.Build.0 = Test|Any CPU
		{D9E33B5D-A0F4-4398-B6DD-094B14968901}.Debug|Any CPU.ActiveCfg = Debug|Any CPU
		{D9E33B5D-A0F4-4398-B6DD-094B14968901}.Debug|Any CPU.Build.0 = Debug|Any CPU
		{D9E33B5D-A0F4-4398-B6DD-094B14968901}.Release|Any CPU.ActiveCfg = Release|Any CPU
		{D9E33B5D-A0F4-4398-B6DD-094B14968901}.Test|Any CPU.ActiveCfg = Test|Any CPU
		{D9E33B5D-A0F4-4398-B6DD-094B14968901}.Test|Any CPU.Build.0 = Test|Any CPU
		{4C8D74A3-FB73-4A8A-B223-149CBB53B8C4}.Debug|Any CPU.ActiveCfg = Debug|Any CPU
		{4C8D74A3-FB73-4A8A-B223-149CBB53B8C4}.Debug|Any CPU.Build.0 = Debug|Any CPU
		{4C8D74A3-FB73-4A8A-B223-149CBB53B8C4}.Release|Any CPU.ActiveCfg = Release|Any CPU
		{4C8D74A3-FB73-4A8A-B223-149CBB53B8C4}.Test|Any CPU.ActiveCfg = Test|Any CPU
		{4C8D74A3-FB73-4A8A-B223-149CBB53B8C4}.Test|Any CPU.Build.0 = Test|Any CPU
		{0A8536E8-84A1-4D0D-8AF3-34785725E56B}.Debug|Any CPU.ActiveCfg = Debug|Any CPU
		{0A8536E8-84A1-4D0D-8AF3-34785725E56B}.Debug|Any CPU.Build.0 = Debug|Any CPU
		{0A8536E8-84A1-4D0D-8AF3-34785725E56B}.Release|Any CPU.ActiveCfg = Release|Any CPU
		{0A8536E8-84A1-4D0D-8AF3-34785725E56B}.Test|Any CPU.ActiveCfg = Test|Any CPU
		{0A8536E8-84A1-4D0D-8AF3-34785725E56B}.Test|Any CPU.Build.0 = Test|Any CPU
		{C6A4E7A1-6552-4D3C-A04D-385C869BB5F2}.Debug|Any CPU.ActiveCfg = Debug|Any CPU
		{C6A4E7A1-6552-4D3C-A04D-385C869BB5F2}.Debug|Any CPU.Build.0 = Debug|Any CPU
		{C6A4E7A1-6552-4D3C-A04D-385C869BB5F2}.Release|Any CPU.ActiveCfg = Release|Any CPU
		{C6A4E7A1-6552-4D3C-A04D-385C869BB5F2}.Test|Any CPU.ActiveCfg = Test|Any CPU
		{C6A4E7A1-6552-4D3C-A04D-385C869BB5F2}.Test|Any CPU.Build.0 = Test|Any CPU
		{300B819C-EE59-4879-8A97-FB2C317E38D2}.Debug|Any CPU.ActiveCfg = Debug|Any CPU
		{300B819C-EE59-4879-8A97-FB2C317E38D2}.Debug|Any CPU.Build.0 = Debug|Any CPU
		{300B819C-EE59-4879-8A97-FB2C317E38D2}.Release|Any CPU.ActiveCfg = Release|Any CPU
		{300B819C-EE59-4879-8A97-FB2C317E38D2}.Test|Any CPU.ActiveCfg = Test|Any CPU
		{300B819C-EE59-4879-8A97-FB2C317E38D2}.Test|Any CPU.Build.0 = Test|Any CPU
		{75480479-B00B-4919-85E7-199706A6D923}.Debug|Any CPU.ActiveCfg = Debug|Any CPU
		{75480479-B00B-4919-85E7-199706A6D923}.Debug|Any CPU.Build.0 = Debug|Any CPU
		{75480479-B00B-4919-85E7-199706A6D923}.Release|Any CPU.ActiveCfg = Release|Any CPU
		{75480479-B00B-4919-85E7-199706A6D923}.Test|Any CPU.ActiveCfg = Test|Any CPU
		{75480479-B00B-4919-85E7-199706A6D923}.Test|Any CPU.Build.0 = Test|Any CPU
		{F9A92862-60E2-4C10-A74A-1B3FEE558035}.Debug|Any CPU.ActiveCfg = Debug|Any CPU
		{F9A92862-60E2-4C10-A74A-1B3FEE558035}.Debug|Any CPU.Build.0 = Debug|Any CPU
		{F9A92862-60E2-4C10-A74A-1B3FEE558035}.Release|Any CPU.ActiveCfg = Release|Any CPU
		{F9A92862-60E2-4C10-A74A-1B3FEE558035}.Test|Any CPU.ActiveCfg = Test|Any CPU
		{F9A92862-60E2-4C10-A74A-1B3FEE558035}.Test|Any CPU.Build.0 = Test|Any CPU
		{0DE7385D-C945-4166-B60F-54AD8C1534F1}.Debug|Any CPU.ActiveCfg = Debug|Any CPU
		{0DE7385D-C945-4166-B60F-54AD8C1534F1}.Debug|Any CPU.Build.0 = Debug|Any CPU
		{0DE7385D-C945-4166-B60F-54AD8C1534F1}.Release|Any CPU.ActiveCfg = Release|Any CPU
		{0DE7385D-C945-4166-B60F-54AD8C1534F1}.Test|Any CPU.ActiveCfg = Test|Any CPU
		{0DE7385D-C945-4166-B60F-54AD8C1534F1}.Test|Any CPU.Build.0 = Test|Any CPU
		{F28456B9-CBB1-4A33-B6F8-933875DFA5BB}.Debug|Any CPU.ActiveCfg = Debug|Any CPU
		{F28456B9-CBB1-4A33-B6F8-933875DFA5BB}.Debug|Any CPU.Build.0 = Debug|Any CPU
		{F28456B9-CBB1-4A33-B6F8-933875DFA5BB}.Release|Any CPU.ActiveCfg = Release|Any CPU
		{F28456B9-CBB1-4A33-B6F8-933875DFA5BB}.Release|Any CPU.Build.0 = Release|Any CPU
		{F28456B9-CBB1-4A33-B6F8-933875DFA5BB}.Test|Any CPU.ActiveCfg = Release|Any CPU
		{F28456B9-CBB1-4A33-B6F8-933875DFA5BB}.Test|Any CPU.Build.0 = Release|Any CPU
		{65CE8300-E663-4FFD-98D8-1057C0B80FF8}.Debug|Any CPU.ActiveCfg = Debug|Any CPU
		{65CE8300-E663-4FFD-98D8-1057C0B80FF8}.Debug|Any CPU.Build.0 = Debug|Any CPU
		{65CE8300-E663-4FFD-98D8-1057C0B80FF8}.Release|Any CPU.ActiveCfg = Release|Any CPU
		{65CE8300-E663-4FFD-98D8-1057C0B80FF8}.Release|Any CPU.Build.0 = Release|Any CPU
		{65CE8300-E663-4FFD-98D8-1057C0B80FF8}.Test|Any CPU.ActiveCfg = Release|Any CPU
		{65CE8300-E663-4FFD-98D8-1057C0B80FF8}.Test|Any CPU.Build.0 = Release|Any CPU
		{1075C285-A096-418B-B372-9257024108B5}.Debug|Any CPU.ActiveCfg = Debug|Any CPU
		{1075C285-A096-418B-B372-9257024108B5}.Debug|Any CPU.Build.0 = Debug|Any CPU
		{1075C285-A096-418B-B372-9257024108B5}.Release|Any CPU.ActiveCfg = Release|Any CPU
		{1075C285-A096-418B-B372-9257024108B5}.Release|Any CPU.Build.0 = Release|Any CPU
		{1075C285-A096-418B-B372-9257024108B5}.Test|Any CPU.ActiveCfg = Release|Any CPU
		{1075C285-A096-418B-B372-9257024108B5}.Test|Any CPU.Build.0 = Release|Any CPU
	EndGlobalSection
	GlobalSection(SolutionProperties) = preSolution
		HideSolutionNode = FALSE
	EndGlobalSection
	GlobalSection(NestedProjects) = preSolution
		{A597022C-F6DD-495F-A846-290EEDE08B9D} = {980FD305-549A-4EAE-A357-A7DB9B91FD70}
		{839ABE46-F8A7-41E1-9E6B-AED5BECE01DE} = {E22545FD-A2CF-42A0-823C-823B5C30642D}
		{48748FDB-2721-4E3A-B54F-611C9E57F017} = {ECA16D2C-ADCF-4B1F-BE58-30224C9BA7AA}
		{17AE134B-F860-47F0-B571-88095EF423AA} = {ECA16D2C-ADCF-4B1F-BE58-30224C9BA7AA}
		{D9E33B5D-A0F4-4398-B6DD-094B14968901} = {EBDFE343-B1AE-4587-A061-E5FB274A76E0}
		{4C8D74A3-FB73-4A8A-B223-149CBB53B8C4} = {E22545FD-A2CF-42A0-823C-823B5C30642D}
		{0A8536E8-84A1-4D0D-8AF3-34785725E56B} = {96006665-E28F-45D2-941B-34F5130FDBDE}
		{C6A4E7A1-6552-4D3C-A04D-385C869BB5F2} = {2554B23B-F6E8-4E75-ABA2-778A53273250}
		{300B819C-EE59-4879-8A97-FB2C317E38D2} = {EBDFE343-B1AE-4587-A061-E5FB274A76E0}
		{75480479-B00B-4919-85E7-199706A6D923} = {2554B23B-F6E8-4E75-ABA2-778A53273250}
		{F9A92862-60E2-4C10-A74A-1B3FEE558035} = {96006665-E28F-45D2-941B-34F5130FDBDE}
		{0DE7385D-C945-4166-B60F-54AD8C1534F1} = {96006665-E28F-45D2-941B-34F5130FDBDE}
		{F28456B9-CBB1-4A33-B6F8-933875DFA5BB} = {2554B23B-F6E8-4E75-ABA2-778A53273250}
		{ECA16D2C-ADCF-4B1F-BE58-30224C9BA7AA} = {EE63F61D-D19B-4D95-818C-9E5FF2EEC1DC}
		{96006665-E28F-45D2-941B-34F5130FDBDE} = {EE63F61D-D19B-4D95-818C-9E5FF2EEC1DC}
		{2554B23B-F6E8-4E75-ABA2-778A53273250} = {EE63F61D-D19B-4D95-818C-9E5FF2EEC1DC}
		{EBDFE343-B1AE-4587-A061-E5FB274A76E0} = {EE63F61D-D19B-4D95-818C-9E5FF2EEC1DC}
		{65CE8300-E663-4FFD-98D8-1057C0B80FF8} = {980FD305-549A-4EAE-A357-A7DB9B91FD70}
		{1075C285-A096-418B-B372-9257024108B5} = {980FD305-549A-4EAE-A357-A7DB9B91FD70}
		{E22545FD-A2CF-42A0-823C-823B5C30642D} = {476E8A7A-400A-4122-8EB3-44AED8576289}
		{EE63F61D-D19B-4D95-818C-9E5FF2EEC1DC} = {476E8A7A-400A-4122-8EB3-44AED8576289}
		{E261905F-5417-436B-BF96-F1F755099B8B} = {492887D1-71FB-4037-A774-B8F6140443EC}
	EndGlobalSection
	GlobalSection(ExtensibilityGlobals) = postSolution
		SolutionGuid = {0B69E010-8A0E-4159-BB72-DFDED06B997B}
	EndGlobalSection
	GlobalSection(MonoDevelopProperties) = preSolution
		StartupItem = Routine.Test.Business.Service\Routine.Test.Business.Service.csproj
	EndGlobalSection
EndGlobal
