
Microsoft Visual Studio Solution File, Format Version 12.00
# Visual Studio Version 16
VisualStudioVersion = 16.0.30907.101
MinimumVisualStudioVersion = 10.0.40219.1
Project("{9A19103F-16F7-4668-BE54-9A1E7A4F7556}") = "Routine", "src\Routine\Routine.csproj", "{8A902F3F-CAD3-4DA6-8A86-4DE7067CD8F0}"
EndProject
Project("{2150E333-8FDC-42A3-9474-1A3956D46DE8}") = "src", "src", "{C992AAA4-236D-4F4E-B59B-A3BD0EA6208B}"
EndProject
Project("{2150E333-8FDC-42A3-9474-1A3956D46DE8}") = "docs", "docs", "{89E8342E-1DF0-4754-A3A1-BE724E011970}"
EndProject
Project("{2150E333-8FDC-42A3-9474-1A3956D46DE8}") = "Tools", "Tools", "{08A5BD17-A122-41B1-BDE3-96FF29B5D82C}"
EndProject
Project("{2150E333-8FDC-42A3-9474-1A3956D46DE8}") = "samples", "samples", "{B7F5933D-DA7B-4664-BC9E-FDF8C2BDE63A}"
EndProject
Project("{2150E333-8FDC-42A3-9474-1A3956D46DE8}") = "test", "test", "{5C327EC2-B27E-41BE-BCBC-845F16B43576}"
EndProject
Global
	GlobalSection(SolutionConfigurationPlatforms) = preSolution
		Debug|Any CPU = Debug|Any CPU
		Release|Any CPU = Release|Any CPU
	EndGlobalSection
	GlobalSection(ProjectConfigurationPlatforms) = postSolution
		{8A902F3F-CAD3-4DA6-8A86-4DE7067CD8F0}.Debug|Any CPU.ActiveCfg = Debug|Any CPU
		{8A902F3F-CAD3-4DA6-8A86-4DE7067CD8F0}.Debug|Any CPU.Build.0 = Debug|Any CPU
		{8A902F3F-CAD3-4DA6-8A86-4DE7067CD8F0}.Release|Any CPU.ActiveCfg = Release|Any CPU
		{8A902F3F-CAD3-4DA6-8A86-4DE7067CD8F0}.Release|Any CPU.Build.0 = Release|Any CPU
	EndGlobalSection
	GlobalSection(SolutionProperties) = preSolution
		HideSolutionNode = FALSE
	EndGlobalSection
	GlobalSection(NestedProjects) = preSolution
		{8A902F3F-CAD3-4DA6-8A86-4DE7067CD8F0} = {C992AAA4-236D-4F4E-B59B-A3BD0EA6208B}
		{A551E8D0-4D75-414F-B429-9B5784D47A55} = {5C327EC2-B27E-41BE-BCBC-845F16B43576}
	EndGlobalSection
	GlobalSection(ExtensibilityGlobals) = postSolution
		SolutionGuid = {DF1ECBBF-B59A-449B-B2EE-097960552376}
	EndGlobalSection
EndGlobal
